
Microsoft Visual Studio Solution File, Format Version 12.00
# Visual Studio 14
VisualStudioVersion = 14.0.25420.1
MinimumVisualStudioVersion = 10.0.40219.1
Project("{8BC9CEB8-8B4A-11D0-8D11-00A0C91BC942}") = "IceConsole", "IceConsole\IceConsole.vcxproj", "{FF8E8A38-3608-4556-9DA3-0FE73E56F10D}"
	ProjectSection(ProjectDependencies) = postProject
		{E2B5B044-23C2-4B70-86EF-0420FFF0BD35} = {E2B5B044-23C2-4B70-86EF-0420FFF0BD35}
		{BFBBFE68-AB2E-498A-8AEC-A25D060147EC} = {BFBBFE68-AB2E-498A-8AEC-A25D060147EC}
	EndProjectSection
EndProject
Project("{8BC9CEB8-8B4A-11D0-8D11-00A0C91BC942}") = "IceLib", "IceLib\IceLib.vcxproj", "{E2B5B044-23C2-4B70-86EF-0420FFF0BD35}"
EndProject
Project("{8BC9CEB8-8B4A-11D0-8D11-00A0C91BC942}") = "__postBuild", "__postBuild\__postBuild.vcxproj", "{66B528DC-1E26-4473-8EF3-4415370D5538}"
	ProjectSection(ProjectDependencies) = postProject
		{FF8E8A38-3608-4556-9DA3-0FE73E56F10D} = {FF8E8A38-3608-4556-9DA3-0FE73E56F10D}
		{E2B5B044-23C2-4B70-86EF-0420FFF0BD35} = {E2B5B044-23C2-4B70-86EF-0420FFF0BD35}
		{BFBBFE68-AB2E-498A-8AEC-A25D060147EC} = {BFBBFE68-AB2E-498A-8AEC-A25D060147EC}
		{BBD13386-8C09-4774-B2C5-154978DADE2F} = {BBD13386-8C09-4774-B2C5-154978DADE2F}
		{E720A4BD-0AC5-481B-BD80-61805C1118BE} = {E720A4BD-0AC5-481B-BD80-61805C1118BE}
	EndProjectSection
EndProject
Project("{8BC9CEB8-8B4A-11D0-8D11-00A0C91BC942}") = "iceflt", "iceflt\iceflt.vcxproj", "{E720A4BD-0AC5-481B-BD80-61805C1118BE}"
EndProject
Project("{8BC9CEB8-8B4A-11D0-8D11-00A0C91BC942}") = "ICEFLTUM", "ICEFLTUM\ICEFLTUM.vcxproj", "{BFBBFE68-AB2E-498A-8AEC-A25D060147EC}"
	ProjectSection(ProjectDependencies) = postProject
		{E2B5B044-23C2-4B70-86EF-0420FFF0BD35} = {E2B5B044-23C2-4B70-86EF-0420FFF0BD35}
	EndProjectSection
EndProject
Project("{8BC9CEB8-8B4A-11D0-8D11-00A0C91BC942}") = "IceServ", "IceServ\IceServ.vcxproj", "{BBD13386-8C09-4774-B2C5-154978DADE2F}"
	ProjectSection(ProjectDependencies) = postProject
		{E2B5B044-23C2-4B70-86EF-0420FFF0BD35} = {E2B5B044-23C2-4B70-86EF-0420FFF0BD35}
		{BFBBFE68-AB2E-498A-8AEC-A25D060147EC} = {BFBBFE68-AB2E-498A-8AEC-A25D060147EC}
	EndProjectSection
EndProject
Global
	GlobalSection(SolutionConfigurationPlatforms) = preSolution
		Debug|ARM = Debug|ARM
		Debug|ARM64 = Debug|ARM64
		Debug|x64 = Debug|x64
		Debug|x86 = Debug|x86
		Release|ARM = Release|ARM
		Release|ARM64 = Release|ARM64
		Release|x64 = Release|x64
		Release|x86 = Release|x86
	EndGlobalSection
	GlobalSection(ProjectConfigurationPlatforms) = postSolution
		{FF8E8A38-3608-4556-9DA3-0FE73E56F10D}.Debug|ARM.ActiveCfg = Debug|Win32
		{FF8E8A38-3608-4556-9DA3-0FE73E56F10D}.Debug|ARM64.ActiveCfg = Debug|Win32
		{FF8E8A38-3608-4556-9DA3-0FE73E56F10D}.Debug|x64.ActiveCfg = Debug|x64
		{FF8E8A38-3608-4556-9DA3-0FE73E56F10D}.Debug|x64.Build.0 = Debug|x64
		{FF8E8A38-3608-4556-9DA3-0FE73E56F10D}.Debug|x86.ActiveCfg = Debug|Win32
		{FF8E8A38-3608-4556-9DA3-0FE73E56F10D}.Debug|x86.Build.0 = Debug|Win32
		{FF8E8A38-3608-4556-9DA3-0FE73E56F10D}.Release|ARM.ActiveCfg = Release|Win32
		{FF8E8A38-3608-4556-9DA3-0FE73E56F10D}.Release|ARM64.ActiveCfg = Release|Win32
		{FF8E8A38-3608-4556-9DA3-0FE73E56F10D}.Release|x64.ActiveCfg = Release|x64
		{FF8E8A38-3608-4556-9DA3-0FE73E56F10D}.Release|x64.Build.0 = Release|x64
		{FF8E8A38-3608-4556-9DA3-0FE73E56F10D}.Release|x86.ActiveCfg = Release|Win32
		{FF8E8A38-3608-4556-9DA3-0FE73E56F10D}.Release|x86.Build.0 = Release|Win32
		{E2B5B044-23C2-4B70-86EF-0420FFF0BD35}.Debug|ARM.ActiveCfg = Debug|Win32
		{E2B5B044-23C2-4B70-86EF-0420FFF0BD35}.Debug|ARM64.ActiveCfg = Debug|Win32
		{E2B5B044-23C2-4B70-86EF-0420FFF0BD35}.Debug|x64.ActiveCfg = Debug|x64
		{E2B5B044-23C2-4B70-86EF-0420FFF0BD35}.Debug|x64.Build.0 = Debug|x64
		{E2B5B044-23C2-4B70-86EF-0420FFF0BD35}.Debug|x64.Deploy.0 = Debug|x64
		{E2B5B044-23C2-4B70-86EF-0420FFF0BD35}.Debug|x86.ActiveCfg = Debug|Win32
		{E2B5B044-23C2-4B70-86EF-0420FFF0BD35}.Debug|x86.Build.0 = Debug|Win32
		{E2B5B044-23C2-4B70-86EF-0420FFF0BD35}.Debug|x86.Deploy.0 = Debug|Win32
		{E2B5B044-23C2-4B70-86EF-0420FFF0BD35}.Release|ARM.ActiveCfg = Release|Win32
		{E2B5B044-23C2-4B70-86EF-0420FFF0BD35}.Release|ARM64.ActiveCfg = Release|Win32
		{E2B5B044-23C2-4B70-86EF-0420FFF0BD35}.Release|x64.ActiveCfg = Release|x64
		{E2B5B044-23C2-4B70-86EF-0420FFF0BD35}.Release|x64.Build.0 = Release|x64
		{E2B5B044-23C2-4B70-86EF-0420FFF0BD35}.Release|x64.Deploy.0 = Release|x64
		{E2B5B044-23C2-4B70-86EF-0420FFF0BD35}.Release|x86.ActiveCfg = Release|Win32
		{E2B5B044-23C2-4B70-86EF-0420FFF0BD35}.Release|x86.Build.0 = Release|Win32
		{E2B5B044-23C2-4B70-86EF-0420FFF0BD35}.Release|x86.Deploy.0 = Release|Win32
		{66B528DC-1E26-4473-8EF3-4415370D5538}.Debug|ARM.ActiveCfg = Debug|Win32
		{66B528DC-1E26-4473-8EF3-4415370D5538}.Debug|ARM64.ActiveCfg = Debug|Win32
		{66B528DC-1E26-4473-8EF3-4415370D5538}.Debug|x64.ActiveCfg = Debug|x64
		{66B528DC-1E26-4473-8EF3-4415370D5538}.Debug|x64.Build.0 = Debug|x64
		{66B528DC-1E26-4473-8EF3-4415370D5538}.Debug|x86.ActiveCfg = Debug|Win32
		{66B528DC-1E26-4473-8EF3-4415370D5538}.Debug|x86.Build.0 = Debug|Win32
		{66B528DC-1E26-4473-8EF3-4415370D5538}.Release|ARM.ActiveCfg = Release|Win32
		{66B528DC-1E26-4473-8EF3-4415370D5538}.Release|ARM64.ActiveCfg = Release|Win32
		{66B528DC-1E26-4473-8EF3-4415370D5538}.Release|x64.ActiveCfg = Release|x64
		{66B528DC-1E26-4473-8EF3-4415370D5538}.Release|x64.Build.0 = Release|x64
		{66B528DC-1E26-4473-8EF3-4415370D5538}.Release|x86.ActiveCfg = Release|Win32
		{66B528DC-1E26-4473-8EF3-4415370D5538}.Release|x86.Build.0 = Release|Win32
		{E720A4BD-0AC5-481B-BD80-61805C1118BE}.Debug|ARM.ActiveCfg = Debug|ARM
		{E720A4BD-0AC5-481B-BD80-61805C1118BE}.Debug|ARM.Build.0 = Debug|ARM
		{E720A4BD-0AC5-481B-BD80-61805C1118BE}.Debug|ARM.Deploy.0 = Debug|ARM
		{E720A4BD-0AC5-481B-BD80-61805C1118BE}.Debug|ARM64.ActiveCfg = Debug|ARM64
		{E720A4BD-0AC5-481B-BD80-61805C1118BE}.Debug|ARM64.Build.0 = Debug|ARM64
		{E720A4BD-0AC5-481B-BD80-61805C1118BE}.Debug|ARM64.Deploy.0 = Debug|ARM64
		{E720A4BD-0AC5-481B-BD80-61805C1118BE}.Debug|x64.ActiveCfg = Debug|x64
		{E720A4BD-0AC5-481B-BD80-61805C1118BE}.Debug|x64.Build.0 = Debug|x64
		{E720A4BD-0AC5-481B-BD80-61805C1118BE}.Debug|x64.Deploy.0 = Debug|x64
		{E720A4BD-0AC5-481B-BD80-61805C1118BE}.Debug|x86.ActiveCfg = Debug|Win32
		{E720A4BD-0AC5-481B-BD80-61805C1118BE}.Debug|x86.Build.0 = Debug|Win32
		{E720A4BD-0AC5-481B-BD80-61805C1118BE}.Debug|x86.Deploy.0 = Debug|Win32
		{E720A4BD-0AC5-481B-BD80-61805C1118BE}.Release|ARM.ActiveCfg = Release|ARM
		{E720A4BD-0AC5-481B-BD80-61805C1118BE}.Release|ARM.Build.0 = Release|ARM
		{E720A4BD-0AC5-481B-BD80-61805C1118BE}.Release|ARM.Deploy.0 = Release|ARM
		{E720A4BD-0AC5-481B-BD80-61805C1118BE}.Release|ARM64.ActiveCfg = Release|ARM64
		{E720A4BD-0AC5-481B-BD80-61805C1118BE}.Release|ARM64.Build.0 = Release|ARM64
		{E720A4BD-0AC5-481B-BD80-61805C1118BE}.Release|ARM64.Deploy.0 = Release|ARM64
		{E720A4BD-0AC5-481B-BD80-61805C1118BE}.Release|x64.ActiveCfg = Release|x64
		{E720A4BD-0AC5-481B-BD80-61805C1118BE}.Release|x64.Build.0 = Release|x64
		{E720A4BD-0AC5-481B-BD80-61805C1118BE}.Release|x64.Deploy.0 = Release|x64
		{E720A4BD-0AC5-481B-BD80-61805C1118BE}.Release|x86.ActiveCfg = Release|Win32
		{E720A4BD-0AC5-481B-BD80-61805C1118BE}.Release|x86.Build.0 = Release|Win32
		{E720A4BD-0AC5-481B-BD80-61805C1118BE}.Release|x86.Deploy.0 = Release|Win32
		{BFBBFE68-AB2E-498A-8AEC-A25D060147EC}.Debug|ARM.ActiveCfg = Debug|Win32
		{BFBBFE68-AB2E-498A-8AEC-A25D060147EC}.Debug|ARM64.ActiveCfg = Debug|Win32
		{BFBBFE68-AB2E-498A-8AEC-A25D060147EC}.Debug|x64.ActiveCfg = Debug|x64
		{BFBBFE68-AB2E-498A-8AEC-A25D060147EC}.Debug|x64.Build.0 = Debug|x64
		{BFBBFE68-AB2E-498A-8AEC-A25D060147EC}.Debug|x86.ActiveCfg = Debug|Win32
		{BFBBFE68-AB2E-498A-8AEC-A25D060147EC}.Debug|x86.Build.0 = Debug|Win32
		{BFBBFE68-AB2E-498A-8AEC-A25D060147EC}.Release|ARM.ActiveCfg = Release|Win32
		{BFBBFE68-AB2E-498A-8AEC-A25D060147EC}.Release|ARM64.ActiveCfg = Release|Win32
		{BFBBFE68-AB2E-498A-8AEC-A25D060147EC}.Release|x64.ActiveCfg = Release|x64
		{BFBBFE68-AB2E-498A-8AEC-A25D060147EC}.Release|x64.Build.0 = Release|x64
		{BFBBFE68-AB2E-498A-8AEC-A25D060147EC}.Release|x86.ActiveCfg = Release|Win32
		{BFBBFE68-AB2E-498A-8AEC-A25D060147EC}.Release|x86.Build.0 = Release|Win32
		{BBD13386-8C09-4774-B2C5-154978DADE2F}.Debug|ARM.ActiveCfg = Debug|Win32
		{BBD13386-8C09-4774-B2C5-154978DADE2F}.Debug|ARM64.ActiveCfg = Debug|Win32
		{BBD13386-8C09-4774-B2C5-154978DADE2F}.Debug|x64.ActiveCfg = Debug|x64
		{BBD13386-8C09-4774-B2C5-154978DADE2F}.Debug|x64.Build.0 = Debug|x64
		{BBD13386-8C09-4774-B2C5-154978DADE2F}.Debug|x86.ActiveCfg = Debug|Win32
		{BBD13386-8C09-4774-B2C5-154978DADE2F}.Debug|x86.Build.0 = Debug|Win32
		{BBD13386-8C09-4774-B2C5-154978DADE2F}.Release|ARM.ActiveCfg = Release|Win32
		{BBD13386-8C09-4774-B2C5-154978DADE2F}.Release|ARM64.ActiveCfg = Release|Win32
		{BBD13386-8C09-4774-B2C5-154978DADE2F}.Release|x64.ActiveCfg = Release|x64
		{BBD13386-8C09-4774-B2C5-154978DADE2F}.Release|x64.Build.0 = Release|x64
		{BBD13386-8C09-4774-B2C5-154978DADE2F}.Release|x86.ActiveCfg = Release|Win32
		{BBD13386-8C09-4774-B2C5-154978DADE2F}.Release|x86.Build.0 = Release|Win32
	EndGlobalSection
	GlobalSection(SolutionProperties) = preSolution
		HideSolutionNode = FALSE
	EndGlobalSection
EndGlobal
