<?xml version="1.0" encoding="utf-8"?>
<Project ToolsVersion="4.0" xmlns="http://schemas.microsoft.com/developer/msbuild/2003">
  <ItemGroup>
    <Filter Include="Source Files">
      <UniqueIdentifier>{4FC737F1-C7A5-4376-A066-2A32D752A2FF}</UniqueIdentifier>
      <Extensions>cpp;c;cc;cxx;def;odl;idl;hpj;bat;asm;asmx</Extensions>
    </Filter>
    <Filter Include="Header Files">
      <UniqueIdentifier>{93995380-89BD-4b04-88EB-625FBE52EBFB}</UniqueIdentifier>
      <Extensions>h;hh;hpp;hxx;hm;inl;inc;xsd</Extensions>
    </Filter>
    <Filter Include="Resource Files">
      <UniqueIdentifier>{67DA6AB6-F800-4c08-8B7A-83BB121AAD01}</UniqueIdentifier>
      <Extensions>rc;ico;cur;bmp;dlg;rc2;rct;bin;rgs;gif;jpg;jpeg;jpe;resx;tiff;tif;png;wav;mfcribbon-ms</Extensions>
    </Filter>
    <Filter Include="Header Files\Internal">
      <UniqueIdentifier>{7f39da00-e4a0-4503-ae72-26de25fc021c}</UniqueIdentifier>
    </Filter>
    <Filter Include="Source Files\Internal">
      <UniqueIdentifier>{9ade5d76-5f49-43f3-bf2f-0131440fe7a6}</UniqueIdentifier>
    </Filter>
    <Filter Include="Source Files\DB">
      <UniqueIdentifier>{d0d98472-aa81-4cf5-9973-47ef6fbc922b}</UniqueIdentifier>
    </Filter>
    <Filter Include="Header Files\DB">
      <UniqueIdentifier>{a57cc631-7cc6-48e2-b0c0-c49f6f05a67a}</UniqueIdentifier>
    </Filter>
  </ItemGroup>
  <ItemGroup>
    <ClCompile Include="exports.c">
      <Filter>Source Files</Filter>
    </ClCompile>
    <ClCompile Include="DLLMain.c">
      <Filter>Source Files</Filter>
    </ClCompile>
    <ClCompile Include="appctrl_scan.c">
      <Filter>Source Files\Internal</Filter>
    </ClCompile>
    <ClCompile Include="driver_io.c">
      <Filter>Source Files\Internal</Filter>
    </ClCompile>
    <ClCompile Include="appctrl_rules.c">
      <Filter>Source Files\Internal</Filter>
    </ClCompile>
    <ClCompile Include="db_sqlite.c">
      <Filter>Source Files\DB</Filter>
    </ClCompile>
    <ClCompile Include="db_statements.c">
      <Filter>Source Files\DB</Filter>
    </ClCompile>
  </ItemGroup>
  <ItemGroup>
    <ClInclude Include="exports.h">
      <Filter>Header Files</Filter>
    </ClInclude>
    <ClInclude Include="driver_io.h">
      <Filter>Header Files\Internal</Filter>
    </ClInclude>
    <ClInclude Include="appctrl_scan.h">
      <Filter>Header Files\Internal</Filter>
    </ClInclude>
    <ClInclude Include="global_data.h">
      <Filter>Header Files\Internal</Filter>
    </ClInclude>
    <ClInclude Include="appctrl_rules.h">
      <Filter>Header Files\Internal</Filter>
    </ClInclude>
    <ClInclude Include="db_sqlite.h">
      <Filter>Header Files\DB</Filter>
    </ClInclude>
    <ClInclude Include="db_statements.h">
      <Filter>Header Files\DB</Filter>
    </ClInclude>
  </ItemGroup>
</Project>